
Microsoft Visual Studio Solution File, Format Version 12.00
# Visual Studio Version 16
VisualStudioVersion = 16.0.30114.105
MinimumVisualStudioVersion = 10.0.40219.1
Project("{9A19103F-16F7-4668-BE54-9A1E7A4F7556}") = "DbFirstProj", "DbFirstProj\DbFirstProj.csproj", "{77F10172-8728-42D3-9CAE-B8DEB54C0712}"
EndProject
Project("{2150E333-8FDC-42A3-9474-1A3956D46DE8}") = "Domain", "Domain", "{37A48F92-2638-45C8-8AF6-4425F04584C1}"
EndProject
Project("{9A19103F-16F7-4668-BE54-9A1E7A4F7556}") = "DbFirstProj.Domain.Core", "Core\DbFirstProj.Domain.Core.csproj", "{7C362E41-1FB8-4743-B7F3-0F1AC76DC580}"
EndProject
Project("{9A19103F-16F7-4668-BE54-9A1E7A4F7556}") = "DbFirstProj.Domain.Interfaces", "DbFirstProj.Domain.Interfaces\DbFirstProj.Domain.Interfaces.csproj", "{191C8FE7-DF1E-4316-B01A-AD273483DCD8}"
EndProject
Project("{2150E333-8FDC-42A3-9474-1A3956D46DE8}") = "Services", "Services", "{F9FCCEA5-92B0-421D-859C-40CD83ECEF29}"
EndProject
Project("{2150E333-8FDC-42A3-9474-1A3956D46DE8}") = "Infrastructure", "Infrastructure", "{3440093A-CA53-469C-8547-4AA76EB24CA4}"
EndProject
Project("{9A19103F-16F7-4668-BE54-9A1E7A4F7556}") = "DbFirstProj.Infrastructure.Data", "DbFirstProj.Infrastructure.Data\DbFirstProj.Infrastructure.Data.csproj", "{75D359C6-ECC2-4A80-A0EA-7E994F9DF82C}"
EndProject
Project("{9A19103F-16F7-4668-BE54-9A1E7A4F7556}") = "DbFirstProj.Services.BusinessLogic", "DbFirstProj.Services.BusinessLogic\DbFirstProj.Services.BusinessLogic.csproj", "{EC3CB9F1-7B9A-4628-9687-C9BC5557516E}"
EndProject
Project("{2150E333-8FDC-42A3-9474-1A3956D46DE8}") = "Solution Items", "Solution Items", "{565E1A54-C92B-4AF9-A99C-D80FBA332543}"
	ProjectSection(SolutionItems) = preProject
		.editorconfig = .editorconfig
	EndProjectSection
EndProject
Project("{9A19103F-16F7-4668-BE54-9A1E7A4F7556}") = "DbFirstProj.Infrastructure.Data.Tests", "DbFirstProj.Infrastructure.Data.Tests\DbFirstProj.Infrastructure.Data.Tests.csproj", "{0197FC3C-1F02-459B-9CEF-F5622390CA81}"
EndProject
Global
	GlobalSection(SolutionConfigurationPlatforms) = preSolution
		Debug|Any CPU = Debug|Any CPU
		Release|Any CPU = Release|Any CPU
	EndGlobalSection
	GlobalSection(ProjectConfigurationPlatforms) = postSolution
		{77F10172-8728-42D3-9CAE-B8DEB54C0712}.Debug|Any CPU.ActiveCfg = Debug|Any CPU
		{77F10172-8728-42D3-9CAE-B8DEB54C0712}.Debug|Any CPU.Build.0 = Debug|Any CPU
		{77F10172-8728-42D3-9CAE-B8DEB54C0712}.Release|Any CPU.ActiveCfg = Release|Any CPU
		{77F10172-8728-42D3-9CAE-B8DEB54C0712}.Release|Any CPU.Build.0 = Release|Any CPU
		{7C362E41-1FB8-4743-B7F3-0F1AC76DC580}.Debug|Any CPU.ActiveCfg = Debug|Any CPU
		{7C362E41-1FB8-4743-B7F3-0F1AC76DC580}.Debug|Any CPU.Build.0 = Debug|Any CPU
		{7C362E41-1FB8-4743-B7F3-0F1AC76DC580}.Release|Any CPU.ActiveCfg = Release|Any CPU
		{7C362E41-1FB8-4743-B7F3-0F1AC76DC580}.Release|Any CPU.Build.0 = Release|Any CPU
		{191C8FE7-DF1E-4316-B01A-AD273483DCD8}.Debug|Any CPU.ActiveCfg = Debug|Any CPU
		{191C8FE7-DF1E-4316-B01A-AD273483DCD8}.Debug|Any CPU.Build.0 = Debug|Any CPU
		{191C8FE7-DF1E-4316-B01A-AD273483DCD8}.Release|Any CPU.ActiveCfg = Release|Any CPU
		{191C8FE7-DF1E-4316-B01A-AD273483DCD8}.Release|Any CPU.Build.0 = Release|Any CPU
		{75D359C6-ECC2-4A80-A0EA-7E994F9DF82C}.Debug|Any CPU.ActiveCfg = Debug|Any CPU
		{75D359C6-ECC2-4A80-A0EA-7E994F9DF82C}.Debug|Any CPU.Build.0 = Debug|Any CPU
		{75D359C6-ECC2-4A80-A0EA-7E994F9DF82C}.Release|Any CPU.ActiveCfg = Release|Any CPU
		{75D359C6-ECC2-4A80-A0EA-7E994F9DF82C}.Release|Any CPU.Build.0 = Release|Any CPU
		{EC3CB9F1-7B9A-4628-9687-C9BC5557516E}.Debug|Any CPU.ActiveCfg = Debug|Any CPU
		{EC3CB9F1-7B9A-4628-9687-C9BC5557516E}.Debug|Any CPU.Build.0 = Debug|Any CPU
		{EC3CB9F1-7B9A-4628-9687-C9BC5557516E}.Release|Any CPU.ActiveCfg = Release|Any CPU
		{EC3CB9F1-7B9A-4628-9687-C9BC5557516E}.Release|Any CPU.Build.0 = Release|Any CPU
		{0197FC3C-1F02-459B-9CEF-F5622390CA81}.Debug|Any CPU.ActiveCfg = Debug|Any CPU
		{0197FC3C-1F02-459B-9CEF-F5622390CA81}.Debug|Any CPU.Build.0 = Debug|Any CPU
		{0197FC3C-1F02-459B-9CEF-F5622390CA81}.Release|Any CPU.ActiveCfg = Release|Any CPU
		{0197FC3C-1F02-459B-9CEF-F5622390CA81}.Release|Any CPU.Build.0 = Release|Any CPU
	EndGlobalSection
	GlobalSection(SolutionProperties) = preSolution
		HideSolutionNode = FALSE
	EndGlobalSection
	GlobalSection(NestedProjects) = preSolution
		{7C362E41-1FB8-4743-B7F3-0F1AC76DC580} = {37A48F92-2638-45C8-8AF6-4425F04584C1}
		{191C8FE7-DF1E-4316-B01A-AD273483DCD8} = {37A48F92-2638-45C8-8AF6-4425F04584C1}
		{75D359C6-ECC2-4A80-A0EA-7E994F9DF82C} = {3440093A-CA53-469C-8547-4AA76EB24CA4}
		{EC3CB9F1-7B9A-4628-9687-C9BC5557516E} = {F9FCCEA5-92B0-421D-859C-40CD83ECEF29}
		{0197FC3C-1F02-459B-9CEF-F5622390CA81} = {3440093A-CA53-469C-8547-4AA76EB24CA4}
	EndGlobalSection
	GlobalSection(ExtensibilityGlobals) = postSolution
		SolutionGuid = {EAC07844-8DBC-451D-8D60-5C93832C18DB}
	EndGlobalSection
EndGlobal
